{
  "lockfileVersion": 1,
  "workspaces": {
    "": {
      "name": "validator",
      "dependencies": {
        "json-as": "^0.9.29",
        "visitor-as": "^0.11.4",
      },
      "devDependencies": {
        "assemblyscript": "^0.27.0",
      },
    },
  },
  "packages": {
    "as-virtual": ["as-virtual@0.2.0", "", {}, "sha512-zI+8VwD6BPUtXrxs4R7v2N+59OAIBRwiiv9nGIMwcQ/w/lspyaualMqM7yok3jMRglKqLkfOx+dCJimeflEJcA=="],

    "assemblyscript": ["assemblyscript@0.27.34", "", { "dependencies": { "binaryen": "116.0.0-nightly.20240114", "long": "^5.2.4" }, "bin": { "asc": "bin/asc.js", "asinit": "bin/asinit.js" } }, "sha512-7snWLfLjXhgPxC3xadAkRqWgpNxEvP4FR7TVqNhUtStzrXEOCZJe6zc5DzIUM0PSzDx7qCBmLY8qF1LzYfeRBQ=="],

    "binaryen": ["binaryen@116.0.0-nightly.20240114", "", { "bin": { "wasm2js": "bin/wasm2js", "wasm-opt": "bin/wasm-opt" } }, "sha512-0GZrojJnuhoe+hiwji7QFaL3tBlJoA+KFUN7ouYSDGZLSo9CKM8swQX8n/UcbR0d1VuZKU+nhogNzv423JEu5A=="],

    "json-as": ["json-as@0.9.29", "", { "dependencies": { "as-virtual": "^0.2.0" } }, "sha512-WidNq002yfIHP8t0ID7BMjv2a2EyVcHlz96vgW1/gzqWdWhQMLwyrD2wQ6W9tB2rkPFjPketFTJmNCr35CxlYw=="],

    "lodash.clonedeep": ["lodash.clonedeep@4.5.0", "", {}, "sha512-H5ZhCF25riFd9uB5UCkVKo61m3S/xZk1x4wA6yp/L3RFP6Z/eHH1ymQcGLo7J3GMPfm0V/7m1tryHuGVxpqEBQ=="],

    "long": ["long@5.3.0", "", {}, "sha512-5vvY5yF1zF/kXk+L94FRiTDa1Znom46UjPCH6/XbSvS8zBKMFBHTJk8KDMqJ+2J6QezQFi7k1k8v21ClJYHPaw=="],

    "ts-mixer": ["ts-mixer@6.0.4", "", {}, "sha512-ufKpbmrugz5Aou4wcr5Wc1UUFWOLhq+Fm6qa6P0w0K5Qw2yhaUoiWszhCVuNQyNwrlGiscHOmqYoAox1PtvgjA=="],

    "visitor-as": ["visitor-as@0.11.4", "", { "dependencies": { "lodash.clonedeep": "^4.5.0", "ts-mixer": "^6.0.2" }, "peerDependencies": { "assemblyscript": "^0.25.0" } }, "sha512-uih7AooY2V3LhzobjLqyEQzhYYBGeq0y/rZk295foM1Ko498f24NNXBDyM1SgzcLMFCAT/fpmSRco1BpTIdKNQ=="],
  }
}
